
Microsoft Visual Studio Solution File, Format Version 12.00
# Visual Studio Version 17
VisualStudioVersion = 17.10.35122.118
MinimumVisualStudioVersion = 10.0.40219.1
Project("{FAE04EC0-301F-11D3-BF4B-00C04F79EFBC}") = "Consol", "Consol\Consol.csproj", "{10C332C7-0093-4A9E-A96E-8307F086026A}"
EndProject
Global
	GlobalSection(SolutionConfigurationPlatforms) = preSolution
		Debug|Any CPU = Debug|Any CPU
		Release|Any CPU = Release|Any CPU
	EndGlobalSection
	GlobalSection(ProjectConfigurationPlatforms) = postSolution
		{10C332C7-0093-4A9E-A96E-8307F086026A}.Debug|Any CPU.ActiveCfg = Debug|Any CPU
		{10C332C7-0093-4A9E-A96E-8307F086026A}.Debug|Any CPU.Build.0 = Debug|Any CPU
		{10C332C7-0093-4A9E-A96E-8307F086026A}.Release|Any CPU.ActiveCfg = Release|Any CPU
		{10C332C7-0093-4A9E-A96E-8307F086026A}.Release|Any CPU.Build.0 = Release|Any CPU
	EndGlobalSection
	GlobalSection(SolutionProperties) = preSolution
		HideSolutionNode = FALSE
	EndGlobalSection
	GlobalSection(ExtensibilityGlobals) = postSolution
		SolutionGuid = {C94631A0-0377-4802-99EC-F975B0DB72DC}
	EndGlobalSection
EndGlobal
